
Microsoft Visual Studio Solution File, Format Version 12.00
# Visual Studio 15
VisualStudioVersion = 15.0.27130.2027
MinimumVisualStudioVersion = 10.0.40219.1
Project("{FAE04EC0-301F-11D3-BF4B-00C04F79EFBC}") = "BillingSystemProject", "BillingSystemProject\BillingSystemProject.csproj", "{1B9F596C-0FA3-42BA-80B4-08A7674E4A96}"
EndProject
Global
	GlobalSection(SolutionConfigurationPlatforms) = preSolution
		Debug|Any CPU = Debug|Any CPU
		Release|Any CPU = Release|Any CPU
	EndGlobalSection
	GlobalSection(ProjectConfigurationPlatforms) = postSolution
		{1B9F596C-0FA3-42BA-80B4-08A7674E4A96}.Debug|Any CPU.ActiveCfg = Debug|Any CPU
		{1B9F596C-0FA3-42BA-80B4-08A7674E4A96}.Debug|Any CPU.Build.0 = Debug|Any CPU
		{1B9F596C-0FA3-42BA-80B4-08A7674E4A96}.Release|Any CPU.ActiveCfg = Release|Any CPU
		{1B9F596C-0FA3-42BA-80B4-08A7674E4A96}.Release|Any CPU.Build.0 = Release|Any CPU
	EndGlobalSection
	GlobalSection(SolutionProperties) = preSolution
		HideSolutionNode = FALSE
	EndGlobalSection
	GlobalSection(ExtensibilityGlobals) = postSolution
		SolutionGuid = {7B99BD4D-9F89-40BC-86E7-62BDC0B90E81}
	EndGlobalSection
EndGlobal
